
Microsoft Visual Studio Solution File, Format Version 12.00
# Visual Studio 14
VisualStudioVersion = 14.0.25420.1
MinimumVisualStudioVersion = 10.0.40219.1
Project("{FAE04EC0-301F-11D3-BF4B-00C04F79EFBC}") = "WpfControlsExample", "WpfControlsExample\WpfControlsExample.csproj", "{0BF60D1F-F141-48DA-A96F-EEF7978A4187}"
EndProject
Project("{FAE04EC0-301F-11D3-BF4B-00C04F79EFBC}") = "MVVMWithPrism", "MVVMWithPrism\MVVMWithPrism.csproj", "{8C023FD1-0B69-4080-874C-B5CD690F7DEC}"
EndProject
Project("{FAE04EC0-301F-11D3-BF4B-00C04F79EFBC}") = "SamplePrismModule", "SamplePrismModule\SamplePrismModule.csproj", "{D9BA168D-34BB-479A-9379-B579CA418AEB}"
EndProject
Global
	GlobalSection(SolutionConfigurationPlatforms) = preSolution
		Debug|Any CPU = Debug|Any CPU
		Release|Any CPU = Release|Any CPU
	EndGlobalSection
	GlobalSection(ProjectConfigurationPlatforms) = postSolution
		{0BF60D1F-F141-48DA-A96F-EEF7978A4187}.Debug|Any CPU.ActiveCfg = Debug|Any CPU
		{0BF60D1F-F141-48DA-A96F-EEF7978A4187}.Debug|Any CPU.Build.0 = Debug|Any CPU
		{0BF60D1F-F141-48DA-A96F-EEF7978A4187}.Release|Any CPU.ActiveCfg = Release|Any CPU
		{0BF60D1F-F141-48DA-A96F-EEF7978A4187}.Release|Any CPU.Build.0 = Release|Any CPU
		{8C023FD1-0B69-4080-874C-B5CD690F7DEC}.Debug|Any CPU.ActiveCfg = Debug|Any CPU
		{8C023FD1-0B69-4080-874C-B5CD690F7DEC}.Debug|Any CPU.Build.0 = Debug|Any CPU
		{8C023FD1-0B69-4080-874C-B5CD690F7DEC}.Release|Any CPU.ActiveCfg = Release|Any CPU
		{8C023FD1-0B69-4080-874C-B5CD690F7DEC}.Release|Any CPU.Build.0 = Release|Any CPU
		{D9BA168D-34BB-479A-9379-B579CA418AEB}.Debug|Any CPU.ActiveCfg = Debug|Any CPU
		{D9BA168D-34BB-479A-9379-B579CA418AEB}.Debug|Any CPU.Build.0 = Debug|Any CPU
		{D9BA168D-34BB-479A-9379-B579CA418AEB}.Release|Any CPU.ActiveCfg = Release|Any CPU
		{D9BA168D-34BB-479A-9379-B579CA418AEB}.Release|Any CPU.Build.0 = Release|Any CPU
	EndGlobalSection
	GlobalSection(SolutionProperties) = preSolution
		HideSolutionNode = FALSE
	EndGlobalSection
EndGlobal
